// !$*UTF8*$!
{
	archiveVersion = 1;
	classes = {
	};
	objectVersion = 46;
	objects = {

/* Begin PBXBuildFile section */
		AE210FA81F6D1B48002AD5B6 /* StockInfoLoader.swift in Sources */ = {isa = PBXBuildFile; fileRef = AE210FA71F6D1B48002AD5B6 /* StockInfoLoader.swift */; };
		AE210FAA1F6D1FDC002AD5B6 /* stocks.plist in Resources */ = {isa = PBXBuildFile; fileRef = AE210FA91F6D1FDC002AD5B6 /* stocks.plist */; };
		AE4AE99D1F66803E0017A6CE /* AppDelegate.swift in Sources */ = {isa = PBXBuildFile; fileRef = AE4AE99C1F66803E0017A6CE /* AppDelegate.swift */; };
		AE4AE9A21F66803E0017A6CE /* Main.storyboard in Resources */ = {isa = PBXBuildFile; fileRef = AE4AE9A01F66803E0017A6CE /* Main.storyboard */; };
		AE4AE9A41F66803E0017A6CE /* Assets.xcassets in Resources */ = {isa = PBXBuildFile; fileRef = AE4AE9A31F66803E0017A6CE /* Assets.xcassets */; };
		AE4AE9A71F66803E0017A6CE /* LaunchScreen.storyboard in Resources */ = {isa = PBXBuildFile; fileRef = AE4AE9A51F66803E0017A6CE /* LaunchScreen.storyboard */; };
		AE4AE9B31F677A090017A6CE /* StocksViewController.swift in Sources */ = {isa = PBXBuildFile; fileRef = AE4AE9B21F677A090017A6CE /* StocksViewController.swift */; };
		AE4AE9B61F678AFA0017A6CE /* StocksNavigationController.swift in Sources */ = {isa = PBXBuildFile; fileRef = AE4AE9B51F678AFA0017A6CE /* StocksNavigationController.swift */; };
		AE4AE9B81F67E0170017A6CE /* StocksTableViewCell.swift in Sources */ = {isa = PBXBuildFile; fileRef = AE4AE9B71F67E0170017A6CE /* StocksTableViewCell.swift */; };
		AE5C1B671F6933FD0008DC07 /* Stock.swift in Sources */ = {isa = PBXBuildFile; fileRef = AE5C1B661F6933FD0008DC07 /* Stock.swift */; };
		AEDEB14D1FA70290002F31A5 /* InformationViewController.swift in Sources */ = {isa = PBXBuildFile; fileRef = AEDEB14C1FA70290002F31A5 /* InformationViewController.swift */; };
		AEECA8391FCC063B003046B0 /* StockViewModel.swift in Sources */ = {isa = PBXBuildFile; fileRef = AEECA8381FCC063B003046B0 /* StockViewModel.swift */; };
		E1CA329ABE01B6E77E902455 /* Pods_Portfolio.framework in Frameworks */ = {isa = PBXBuildFile; fileRef = 4212D2B9C6837DED345C46D4 /* Pods_Portfolio.framework */; };
/* End PBXBuildFile section */

/* Begin PBXFileReference section */
		4212D2B9C6837DED345C46D4 /* Pods_Portfolio.framework */ = {isa = PBXFileReference; explicitFileType = wrapper.framework; includeInIndex = 0; path = Pods_Portfolio.framework; sourceTree = BUILT_PRODUCTS_DIR; };
		AE08C018203EB39A006A770E /* Portfolio.entitlements */ = {isa = PBXFileReference; lastKnownFileType = text.plist.entitlements; path = Portfolio.entitlements; sourceTree = "<group>"; };
		AE210FA71F6D1B48002AD5B6 /* StockInfoLoader.swift */ = {isa = PBXFileReference; fileEncoding = 4; lastKnownFileType = sourcecode.swift; path = StockInfoLoader.swift; sourceTree = "<group>"; };
		AE210FA91F6D1FDC002AD5B6 /* stocks.plist */ = {isa = PBXFileReference; fileEncoding = 4; lastKnownFileType = text.plist.xml; path = stocks.plist; sourceTree = "<group>"; };
		AE4AE9991F66803E0017A6CE /* Portfolio.app */ = {isa = PBXFileReference; explicitFileType = wrapper.application; includeInIndex = 0; path = Portfolio.app; sourceTree = BUILT_PRODUCTS_DIR; };
		AE4AE99C1F66803E0017A6CE /* AppDelegate.swift */ = {isa = PBXFileReference; lastKnownFileType = sourcecode.swift; path = AppDelegate.swift; sourceTree = "<group>"; };
		AE4AE9A11F66803E0017A6CE /* Base */ = {isa = PBXFileReference; lastKnownFileType = file.storyboard; name = Base; path = Base.lproj/Main.storyboard; sourceTree = "<group>"; };
		AE4AE9A31F66803E0017A6CE /* Assets.xcassets */ = {isa = PBXFileReference; lastKnownFileType = folder.assetcatalog; path = Assets.xcassets; sourceTree = "<group>"; };
		AE4AE9A61F66803E0017A6CE /* Base */ = {isa = PBXFileReference; lastKnownFileType = file.storyboard; name = Base; path = Base.lproj/LaunchScreen.storyboard; sourceTree = "<group>"; };
		AE4AE9A81F66803E0017A6CE /* Info.plist */ = {isa = PBXFileReference; lastKnownFileType = text.plist.xml; path = Info.plist; sourceTree = "<group>"; };
		AE4AE9B21F677A090017A6CE /* StocksViewController.swift */ = {isa = PBXFileReference; fileEncoding = 4; lastKnownFileType = sourcecode.swift; path = StocksViewController.swift; sourceTree = "<group>"; };
		AE4AE9B51F678AFA0017A6CE /* StocksNavigationController.swift */ = {isa = PBXFileReference; fileEncoding = 4; lastKnownFileType = sourcecode.swift; path = StocksNavigationController.swift; sourceTree = "<group>"; };
		AE4AE9B71F67E0170017A6CE /* StocksTableViewCell.swift */ = {isa = PBXFileReference; fileEncoding = 4; lastKnownFileType = sourcecode.swift; path = StocksTableViewCell.swift; sourceTree = "<group>"; };
		AE5C1B661F6933FD0008DC07 /* Stock.swift */ = {isa = PBXFileReference; fileEncoding = 4; lastKnownFileType = sourcecode.swift; path = Stock.swift; sourceTree = "<group>"; };
		AEDEB14C1FA70290002F31A5 /* InformationViewController.swift */ = {isa = PBXFileReference; lastKnownFileType = sourcecode.swift; path = InformationViewController.swift; sourceTree = "<group>"; };
		AEECA8381FCC063B003046B0 /* StockViewModel.swift */ = {isa = PBXFileReference; lastKnownFileType = sourcecode.swift; path = StockViewModel.swift; sourceTree = "<group>"; };
		FAB4DA3A1E84008320FFDC8E /* Pods-Portfolio.debug.xcconfig */ = {isa = PBXFileReference; includeInIndex = 1; lastKnownFileType = text.xcconfig; name = "Pods-Portfolio.debug.xcconfig"; path = "Pods/Target Support Files/Pods-Portfolio/Pods-Portfolio.debug.xcconfig"; sourceTree = "<group>"; };
		FF02D967025668857843218D /* Pods-Portfolio.release.xcconfig */ = {isa = PBXFileReference; includeInIndex = 1; lastKnownFileType = text.xcconfig; name = "Pods-Portfolio.release.xcconfig"; path = "Pods/Target Support Files/Pods-Portfolio/Pods-Portfolio.release.xcconfig"; sourceTree = "<group>"; };
/* End PBXFileReference section */

/* Begin PBXFrameworksBuildPhase section */
		AE4AE9961F66803E0017A6CE /* Frameworks */ = {
			isa = PBXFrameworksBuildPhase;
			buildActionMask = 2147483647;
			files = (
				E1CA329ABE01B6E77E902455 /* Pods_Portfolio.framework in Frameworks */,
			);
			runOnlyForDeploymentPostprocessing = 0;
		};
/* End PBXFrameworksBuildPhase section */

/* Begin PBXGroup section */
		3AB3DE2CA7370C61D7285A79 /* Frameworks */ = {
			isa = PBXGroup;
			children = (
				4212D2B9C6837DED345C46D4 /* Pods_Portfolio.framework */,
			);
			name = Frameworks;
			sourceTree = "<group>";
		};
		A64EC45C46CB272D40B4A740 /* Pods */ = {
			isa = PBXGroup;
			children = (
				FAB4DA3A1E84008320FFDC8E /* Pods-Portfolio.debug.xcconfig */,
				FF02D967025668857843218D /* Pods-Portfolio.release.xcconfig */,
			);
			name = Pods;
			sourceTree = "<group>";
		};
		AE4AE9901F66803E0017A6CE = {
			isa = PBXGroup;
			children = (
				AE4AE99B1F66803E0017A6CE /* Portfolio */,
				AE4AE9AE1F6778480017A6CE /* stocks */,
				AE4AE9AF1F6778550017A6CE /* discover */,
				AE4AE9B41F6783070017A6CE /* market */,
				AE4AE9B11F6778550017A6CE /* information */,
				AECDACA71FB1A58D00A2680B /* SQLiteManager */,
				AE4AE99A1F66803E0017A6CE /* Products */,
				A64EC45C46CB272D40B4A740 /* Pods */,
				3AB3DE2CA7370C61D7285A79 /* Frameworks */,
			);
			sourceTree = "<group>";
		};
		AE4AE99A1F66803E0017A6CE /* Products */ = {
			isa = PBXGroup;
			children = (
				AE4AE9991F66803E0017A6CE /* Portfolio.app */,
			);
			name = Products;
			sourceTree = "<group>";
		};
		AE4AE99B1F66803E0017A6CE /* Portfolio */ = {
			isa = PBXGroup;
			children = (
				AE08C018203EB39A006A770E /* Portfolio.entitlements */,
				AE4AE99C1F66803E0017A6CE /* AppDelegate.swift */,
				AE4AE9A01F66803E0017A6CE /* Main.storyboard */,
				AE4AE9A31F66803E0017A6CE /* Assets.xcassets */,
				AE4AE9A51F66803E0017A6CE /* LaunchScreen.storyboard */,
				AE4AE9A81F66803E0017A6CE /* Info.plist */,
			);
			path = Portfolio;
			sourceTree = "<group>";
		};
		AE4AE9AE1F6778480017A6CE /* stocks */ = {
			isa = PBXGroup;
			children = (
				AE4AE9B51F678AFA0017A6CE /* StocksNavigationController.swift */,
				AE4AE9B21F677A090017A6CE /* StocksViewController.swift */,
				AEECA8381FCC063B003046B0 /* StockViewModel.swift */,
				AE4AE9B71F67E0170017A6CE /* StocksTableViewCell.swift */,
				AE5C1B661F6933FD0008DC07 /* Stock.swift */,
				AE210FA71F6D1B48002AD5B6 /* StockInfoLoader.swift */,
				AE210FA91F6D1FDC002AD5B6 /* stocks.plist */,
			);
			name = stocks;
			path = Portfolio/stocks;
			sourceTree = "<group>";
		};
		AE4AE9AF1F6778550017A6CE /* discover */ = {
			isa = PBXGroup;
			children = (
			);
			name = discover;
			path = Portfolio/discover;
			sourceTree = "<group>";
		};
		AE4AE9B11F6778550017A6CE /* information */ = {
			isa = PBXGroup;
			children = (
				AEDEB14C1FA70290002F31A5 /* InformationViewController.swift */,
			);
			name = information;
			path = Portfolio/information;
			sourceTree = "<group>";
		};
		AE4AE9B41F6783070017A6CE /* market */ = {
			isa = PBXGroup;
			children = (
			);
			name = market;
			path = Portfolio/market;
			sourceTree = "<group>";
		};
		AECDACA71FB1A58D00A2680B /* SQLiteManager */ = {
			isa = PBXGroup;
			children = (
			);
			name = SQLiteManager;
			path = Portfolio/SQLiteManager;
			sourceTree = "<group>";
		};
/* End PBXGroup section */

/* Begin PBXNativeTarget section */
		AE4AE9981F66803E0017A6CE /* Portfolio */ = {
			isa = PBXNativeTarget;
			buildConfigurationList = AE4AE9AB1F66803E0017A6CE /* Build configuration list for PBXNativeTarget "Portfolio" */;
			buildPhases = (
				09765239C3A71DCC3763B8F6 /* [CP] Check Pods Manifest.lock */,
				AE4AE9951F66803E0017A6CE /* Sources */,
				AE4AE9961F66803E0017A6CE /* Frameworks */,
				AE4AE9971F66803E0017A6CE /* Resources */,
				3FA7603D53D2C027102767FD /* [CP] Embed Pods Frameworks */,
				8A8582280F272DF989EEE0B5 /* [CP] Copy Pods Resources */,
			);
			buildRules = (
			);
			dependencies = (
			);
			name = Portfolio;
			productName = Portfolio;
			productReference = AE4AE9991F66803E0017A6CE /* Portfolio.app */;
			productType = "com.apple.product-type.application";
		};
/* End PBXNativeTarget section */

/* Begin PBXProject section */
		AE4AE9911F66803E0017A6CE /* Project object */ = {
			isa = PBXProject;
			attributes = {
				LastSwiftUpdateCheck = 0830;
				LastUpgradeCheck = 0830;
				ORGANIZATIONNAME = YangJie;
				TargetAttributes = {
					AE4AE9981F66803E0017A6CE = {
						CreatedOnToolsVersion = 8.3.1;
						DevelopmentTeam = J79YHBFTEL;
						ProvisioningStyle = Automatic;
						SystemCapabilities = {
							com.apple.Keychain = {
								enabled = 1;
							};
						};
					};
				};
			};
			buildConfigurationList = AE4AE9941F66803E0017A6CE /* Build configuration list for PBXProject "Portfolio" */;
			compatibilityVersion = "Xcode 3.2";
			developmentRegion = English;
			hasScannedForEncodings = 0;
			knownRegions = (
				en,
				Base,
			);
			mainGroup = AE4AE9901F66803E0017A6CE;
			productRefGroup = AE4AE99A1F66803E0017A6CE /* Products */;
			projectDirPath = "";
			projectRoot = "";
			targets = (
				AE4AE9981F66803E0017A6CE /* Portfolio */,
			);
		};
/* End PBXProject section */

/* Begin PBXResourcesBuildPhase section */
		AE4AE9971F66803E0017A6CE /* Resources */ = {
			isa = PBXResourcesBuildPhase;
			buildActionMask = 2147483647;
			files = (
				AE4AE9A71F66803E0017A6CE /* LaunchScreen.storyboard in Resources */,
				AE210FAA1F6D1FDC002AD5B6 /* stocks.plist in Resources */,
				AE4AE9A41F66803E0017A6CE /* Assets.xcassets in Resources */,
				AE4AE9A21F66803E0017A6CE /* Main.storyboard in Resources */,
			);
			runOnlyForDeploymentPostprocessing = 0;
		};
/* End PBXResourcesBuildPhase section */

/* Begin PBXShellScriptBuildPhase section */
		09765239C3A71DCC3763B8F6 /* [CP] Check Pods Manifest.lock */ = {
			isa = PBXShellScriptBuildPhase;
			buildActionMask = 2147483647;
			files = (
			);
			inputPaths = (
			);
			name = "[CP] Check Pods Manifest.lock";
			outputPaths = (
			);
			runOnlyForDeploymentPostprocessing = 0;
			shellPath = /bin/sh;
			shellScript = "diff \"${PODS_ROOT}/../Podfile.lock\" \"${PODS_ROOT}/Manifest.lock\" > /dev/null\nif [ $? != 0 ] ; then\n    # print error to STDERR\n    echo \"error: The sandbox is not in sync with the Podfile.lock. Run 'pod install' or update your CocoaPods installation.\" >&2\n    exit 1\nfi\n";
			showEnvVarsInLog = 0;
		};
		3FA7603D53D2C027102767FD /* [CP] Embed Pods Frameworks */ = {
			isa = PBXShellScriptBuildPhase;
			buildActionMask = 2147483647;
			files = (
			);
			inputPaths = (
			);
			name = "[CP] Embed Pods Frameworks";
			outputPaths = (
			);
			runOnlyForDeploymentPostprocessing = 0;
			shellPath = /bin/sh;
			shellScript = "\"${SRCROOT}/Pods/Target Support Files/Pods-Portfolio/Pods-Portfolio-frameworks.sh\"\n";
			showEnvVarsInLog = 0;
		};
		8A8582280F272DF989EEE0B5 /* [CP] Copy Pods Resources */ = {
			isa = PBXShellScriptBuildPhase;
			buildActionMask = 2147483647;
			files = (
			);
			inputPaths = (
			);
			name = "[CP] Copy Pods Resources";
			outputPaths = (
			);
			runOnlyForDeploymentPostprocessing = 0;
			shellPath = /bin/sh;
			shellScript = "\"${SRCROOT}/Pods/Target Support Files/Pods-Portfolio/Pods-Portfolio-resources.sh\"\n";
			showEnvVarsInLog = 0;
		};
/* End PBXShellScriptBuildPhase section */

/* Begin PBXSourcesBuildPhase section */
		AE4AE9951F66803E0017A6CE /* Sources */ = {
			isa = PBXSourcesBuildPhase;
			buildActionMask = 2147483647;
			files = (
				AE4AE9B61F678AFA0017A6CE /* StocksNavigationController.swift in Sources */,
				AE210FA81F6D1B48002AD5B6 /* StockInfoLoader.swift in Sources */,
				AEDEB14D1FA70290002F31A5 /* InformationViewController.swift in Sources */,
				AE4AE99D1F66803E0017A6CE /* AppDelegate.swift in Sources */,
				AE5C1B671F6933FD0008DC07 /* Stock.swift in Sources */,
				AE4AE9B81F67E0170017A6CE /* StocksTableViewCell.swift in Sources */,
				AE4AE9B31F677A090017A6CE /* StocksViewController.swift in Sources */,
				AEECA8391FCC063B003046B0 /* StockViewModel.swift in Sources */,
			);
			runOnlyForDeploymentPostprocessing = 0;
		};
/* End PBXSourcesBuildPhase section */

/* Begin PBXVariantGroup section */
		AE4AE9A01F66803E0017A6CE /* Main.storyboard */ = {
			isa = PBXVariantGroup;
			children = (
				AE4AE9A11F66803E0017A6CE /* Base */,
			);
			name = Main.storyboard;
			sourceTree = "<group>";
		};
		AE4AE9A51F66803E0017A6CE /* LaunchScreen.storyboard */ = {
			isa = PBXVariantGroup;
			children = (
				AE4AE9A61F66803E0017A6CE /* Base */,
			);
			name = LaunchScreen.storyboard;
			sourceTree = "<group>";
		};
/* End PBXVariantGroup section */

/* Begin XCBuildConfiguration section */
		AE4AE9A91F66803E0017A6CE /* Debug */ = {
			isa = XCBuildConfiguration;
			buildSettings = {
				ALWAYS_SEARCH_USER_PATHS = NO;
				CLANG_ANALYZER_NONNULL = YES;
				CLANG_ANALYZER_NUMBER_OBJECT_CONVERSION = YES_AGGRESSIVE;
				CLANG_CXX_LANGUAGE_STANDARD = "gnu++0x";
				CLANG_CXX_LIBRARY = "libc++";
				CLANG_ENABLE_MODULES = YES;
				CLANG_ENABLE_OBJC_ARC = YES;
				CLANG_WARN_BOOL_CONVERSION = YES;
				CLANG_WARN_CONSTANT_CONVERSION = YES;
				CLANG_WARN_DIRECT_OBJC_ISA_USAGE = YES_ERROR;
				CLANG_WARN_DOCUMENTATION_COMMENTS = YES;
				CLANG_WARN_EMPTY_BODY = YES;
				CLANG_WARN_ENUM_CONVERSION = YES;
				CLANG_WARN_INFINITE_RECURSION = YES;
				CLANG_WARN_INT_CONVERSION = YES;
				CLANG_WARN_OBJC_ROOT_CLASS = YES_ERROR;
				CLANG_WARN_SUSPICIOUS_MOVE = YES;
				CLANG_WARN_UNREACHABLE_CODE = YES;
				CLANG_WARN__DUPLICATE_METHOD_MATCH = YES;
				"CODE_SIGN_IDENTITY[sdk=iphoneos*]" = "iPhone Developer";
				COPY_PHASE_STRIP = NO;
				DEBUG_INFORMATION_FORMAT = dwarf;
				ENABLE_STRICT_OBJC_MSGSEND = YES;
				ENABLE_TESTABILITY = YES;
				GCC_C_LANGUAGE_STANDARD = gnu99;
				GCC_DYNAMIC_NO_PIC = NO;
				GCC_NO_COMMON_BLOCKS = YES;
				GCC_OPTIMIZATION_LEVEL = 0;
				GCC_PREPROCESSOR_DEFINITIONS = (
					"DEBUG=1",
					"$(inherited)",
				);
				GCC_WARN_64_TO_32_BIT_CONVERSION = YES;
				GCC_WARN_ABOUT_RETURN_TYPE = YES_ERROR;
				GCC_WARN_UNDECLARED_SELECTOR = YES;
				GCC_WARN_UNINITIALIZED_AUTOS = YES_AGGRESSIVE;
				GCC_WARN_UNUSED_FUNCTION = YES;
				GCC_WARN_UNUSED_VARIABLE = YES;
				IPHONEOS_DEPLOYMENT_TARGET = 10.3;
				MTL_ENABLE_DEBUG_INFO = YES;
				ONLY_ACTIVE_ARCH = YES;
				SDKROOT = iphoneos;
				SWIFT_ACTIVE_COMPILATION_CONDITIONS = DEBUG;
				SWIFT_OPTIMIZATION_LEVEL = "-Onone";
			};
			name = Debug;
		};
		AE4AE9AA1F66803E0017A6CE /* Release */ = {
			isa = XCBuildConfiguration;
			buildSettings = {
				ALWAYS_SEARCH_USER_PATHS = NO;
				CLANG_ANALYZER_NONNULL = YES;
				CLANG_ANALYZER_NUMBER_OBJECT_CONVERSION = YES_AGGRESSIVE;
				CLANG_CXX_LANGUAGE_STANDARD = "gnu++0x";
				CLANG_CXX_LIBRARY = "libc++";
				CLANG_ENABLE_MODULES = YES;
				CLANG_ENABLE_OBJC_ARC = YES;
				CLANG_WARN_BOOL_CONVERSION = YES;
				CLANG_WARN_CONSTANT_CONVERSION = YES;
				CLANG_WARN_DIRECT_OBJC_ISA_USAGE = YES_ERROR;
				CLANG_WARN_DOCUMENTATION_COMMENTS = YES;
				CLANG_WARN_EMPTY_BODY = YES;
				CLANG_WARN_ENUM_CONVERSION = YES;
				CLANG_WARN_INFINITE_RECURSION = YES;
				CLANG_WARN_INT_CONVERSION = YES;
				CLANG_WARN_OBJC_ROOT_CLASS = YES_ERROR;
				CLANG_WARN_SUSPICIOUS_MOVE = YES;
				CLANG_WARN_UNREACHABLE_CODE = YES;
				CLANG_WARN__DUPLICATE_METHOD_MATCH = YES;
				"CODE_SIGN_IDENTITY[sdk=iphoneos*]" = "iPhone Developer";
				COPY_PHASE_STRIP = NO;
				DEBUG_INFORMATION_FORMAT = "dwarf-with-dsym";
				ENABLE_NS_ASSERTIONS = NO;
				ENABLE_STRICT_OBJC_MSGSEND = YES;
				GCC_C_LANGUAGE_STANDARD = gnu99;
				GCC_NO_COMMON_BLOCKS = YES;
				GCC_WARN_64_TO_32_BIT_CONVERSION = YES;
				GCC_WARN_ABOUT_RETURN_TYPE = YES_ERROR;
				GCC_WARN_UNDECLARED_SELECTOR = YES;
				GCC_WARN_UNINITIALIZED_AUTOS = YES_AGGRESSIVE;
				GCC_WARN_UNUSED_FUNCTION = YES;
				GCC_WARN_UNUSED_VARIABLE = YES;
				IPHONEOS_DEPLOYMENT_TARGET = 10.3;
				MTL_ENABLE_DEBUG_INFO = NO;
				SDKROOT = iphoneos;
				SWIFT_OPTIMIZATION_LEVEL = "-Owholemodule";
				VALIDATE_PRODUCT = YES;
			};
			name = Release;
		};
		AE4AE9AC1F66803E0017A6CE /* Debug */ = {
			isa = XCBuildConfiguration;
			baseConfigurationReference = FAB4DA3A1E84008320FFDC8E /* Pods-Portfolio.debug.xcconfig */;
			buildSettings = {
				ASSETCATALOG_COMPILER_APPICON_NAME = AppIcon;
				CODE_SIGN_ENTITLEMENTS = Portfolio/Portfolio.entitlements;
				"CODE_SIGN_IDENTITY[sdk=iphoneos*]" = "iPhone Developer";
				DEVELOPMENT_TEAM = J79YHBFTEL;
				HEADER_SEARCH_PATHS = "$(PODS_ROOT)/**";
				INFOPLIST_FILE = Portfolio/Info.plist;
				LD_RUNPATH_SEARCH_PATHS = "$(inherited) @executable_path/Frameworks";
				PRODUCT_BUNDLE_IDENTIFIER = Moon.Portfolio;
				PRODUCT_NAME = "$(TARGET_NAME)";
				PROVISIONING_PROFILE_SPECIFIER = "";
				SWIFT_VERSION = 3.0;
			};
			name = Debug;
		};
		AE4AE9AD1F66803E0017A6CE /* Release */ = {
			isa = XCBuildConfiguration;
			baseConfigurationReference = FF02D967025668857843218D /* Pods-Portfolio.release.xcconfig */;
			buildSettings = {
				ASSETCATALOG_COMPILER_APPICON_NAME = AppIcon;
				CODE_SIGN_ENTITLEMENTS = Portfolio/Portfolio.entitlements;
				"CODE_SIGN_IDENTITY[sdk=iphoneos*]" = "iPhone Developer";
				DEVELOPMENT_TEAM = J79YHBFTEL;
				HEADER_SEARCH_PATHS = "$(PODS_ROOT)/**";
				INFOPLIST_FILE = Portfolio/Info.plist;
				LD_RUNPATH_SEARCH_PATHS = "$(inherited) @executable_path/Frameworks";
				PRODUCT_BUNDLE_IDENTIFIER = Moon.Portfolio;
				PRODUCT_NAME = "$(TARGET_NAME)";
				PROVISIONING_PROFILE_SPECIFIER = "";
				SWIFT_VERSION = 3.0;
			};
			name = Release;
		};
/* End XCBuildConfiguration section */

/* Begin XCConfigurationList section */
		AE4AE9941F66803E0017A6CE /* Build configuration list for PBXProject "Portfolio" */ = {
			isa = XCConfigurationList;
			buildConfigurations = (
				AE4AE9A91F66803E0017A6CE /* Debug */,
				AE4AE9AA1F66803E0017A6CE /* Release */,
			);
			defaultConfigurationIsVisible = 0;
			defaultConfigurationName = Release;
		};
		AE4AE9AB1F66803E0017A6CE /* Build configuration list for PBXNativeTarget "Portfolio" */ = {
			isa = XCConfigurationList;
			buildConfigurations = (
				AE4AE9AC1F66803E0017A6CE /* Debug */,
				AE4AE9AD1F66803E0017A6CE /* Release */,
			);
			defaultConfigurationIsVisible = 0;
			defaultConfigurationName = Release;
		};
/* End XCConfigurationList section */
	};
	rootObject = AE4AE9911F66803E0017A6CE /* Project object */;
}
